// !$*UTF8*$!
{
	archiveVersion = 1;
	classes = {
	};
	objectVersion = 46;
	objects = {

/* Begin PBXBuildFile section */
		68146E091ED2F15D00E4007A /* DetailViewController.swift in Sources */ = {isa = PBXBuildFile; fileRef = 68146E001ED2F15D00E4007A /* DetailViewController.swift */; };
		68146E0A1ED2F15D00E4007A /* MasterViewController.swift in Sources */ = {isa = PBXBuildFile; fileRef = 68146E011ED2F15D00E4007A /* MasterViewController.swift */; };
		68146E0B1ED2F15D00E4007A /* Main.storyboard in Resources */ = {isa = PBXBuildFile; fileRef = 68146E021ED2F15D00E4007A /* Main.storyboard */; };
		68146E0C1ED2F15D00E4007A /* AppDelegate.swift in Sources */ = {isa = PBXBuildFile; fileRef = 68146E031ED2F15D00E4007A /* AppDelegate.swift */; };
		68146E0D1ED2F15D00E4007A /* Assets.xcassets in Resources */ = {isa = PBXBuildFile; fileRef = 68146E041ED2F15D00E4007A /* Assets.xcassets */; };
		68146E101ED2F15D00E4007A /* Ingredients.swift in Sources */ = {isa = PBXBuildFile; fileRef = 68146E071ED2F15D00E4007A /* Ingredients.swift */; };
		68146E111ED2F15D00E4007A /* LaunchScreen.storyboard in Resources */ = {isa = PBXBuildFile; fileRef = 68146E081ED2F15D00E4007A /* LaunchScreen.storyboard */; };
/* End PBXBuildFile section */

/* Begin PBXFileReference section */
		68146E001ED2F15D00E4007A /* DetailViewController.swift */ = {isa = PBXFileReference; fileEncoding = 4; lastKnownFileType = sourcecode.swift; name = DetailViewController.swift; path = "What Can I Cook?/DetailViewController.swift"; sourceTree = SOURCE_ROOT; };
		68146E011ED2F15D00E4007A /* MasterViewController.swift */ = {isa = PBXFileReference; fileEncoding = 4; lastKnownFileType = sourcecode.swift; name = MasterViewController.swift; path = "What Can I Cook?/MasterViewController.swift"; sourceTree = SOURCE_ROOT; };
		68146E021ED2F15D00E4007A /* Main.storyboard */ = {isa = PBXFileReference; fileEncoding = 4; lastKnownFileType = file.storyboard; name = Main.storyboard; path = "What Can I Cook?/Main.storyboard"; sourceTree = SOURCE_ROOT; };
		68146E031ED2F15D00E4007A /* AppDelegate.swift */ = {isa = PBXFileReference; fileEncoding = 4; lastKnownFileType = sourcecode.swift; name = AppDelegate.swift; path = "What Can I Cook?/AppDelegate.swift"; sourceTree = SOURCE_ROOT; };
		68146E041ED2F15D00E4007A /* Assets.xcassets */ = {isa = PBXFileReference; lastKnownFileType = folder.assetcatalog; name = Assets.xcassets; path = "What Can I Cook?/Assets.xcassets"; sourceTree = SOURCE_ROOT; };
		68146E071ED2F15D00E4007A /* Ingredients.swift */ = {isa = PBXFileReference; fileEncoding = 4; lastKnownFileType = sourcecode.swift; name = Ingredients.swift; path = "What Can I Cook?/Ingredients.swift"; sourceTree = SOURCE_ROOT; };
		68146E081ED2F15D00E4007A /* LaunchScreen.storyboard */ = {isa = PBXFileReference; fileEncoding = 4; lastKnownFileType = file.storyboard; name = LaunchScreen.storyboard; path = "What Can I Cook?/LaunchScreen.storyboard"; sourceTree = SOURCE_ROOT; };
		685315791ECBC18F003EEAD5 /* What Can I Cook?.app */ = {isa = PBXFileReference; explicitFileType = wrapper.application; includeInIndex = 0; path = "What Can I Cook?.app"; sourceTree = BUILT_PRODUCTS_DIR; };
		6865CD4C1ED2F4C200E96C2E /* Info.plist */ = {isa = PBXFileReference; fileEncoding = 4; lastKnownFileType = text.plist.xml; path = Info.plist; sourceTree = SOURCE_ROOT; };
/* End PBXFileReference section */

/* Begin PBXFrameworksBuildPhase section */
		685315761ECBC18F003EEAD5 /* Frameworks */ = {
			isa = PBXFrameworksBuildPhase;
			buildActionMask = 2147483647;
			files = (
			);
			runOnlyForDeploymentPostprocessing = 0;
		};
/* End PBXFrameworksBuildPhase section */

/* Begin PBXGroup section */
		685315701ECBC18E003EEAD5 = {
			isa = PBXGroup;
			children = (
				6853157B1ECBC18F003EEAD5 /* What Can I Cook? */,
				6853157A1ECBC18F003EEAD5 /* Products */,
			);
			sourceTree = "<group>";
		};
		6853157A1ECBC18F003EEAD5 /* Products */ = {
			isa = PBXGroup;
			children = (
				685315791ECBC18F003EEAD5 /* What Can I Cook?.app */,
			);
			name = Products;
			sourceTree = "<group>";
		};
		6853157B1ECBC18F003EEAD5 /* What Can I Cook? */ = {
			isa = PBXGroup;
			children = (
				68146E001ED2F15D00E4007A /* DetailViewController.swift */,
				68146E011ED2F15D00E4007A /* MasterViewController.swift */,
				68146E021ED2F15D00E4007A /* Main.storyboard */,
				68146E031ED2F15D00E4007A /* AppDelegate.swift */,
				68146E041ED2F15D00E4007A /* Assets.xcassets */,
				6865CD4C1ED2F4C200E96C2E /* Info.plist */,
				68146E071ED2F15D00E4007A /* Ingredients.swift */,
				68146E081ED2F15D00E4007A /* LaunchScreen.storyboard */,
			);
			name = "What Can I Cook?";
			path = CandySearch;
			sourceTree = "<group>";
		};
/* End PBXGroup section */

/* Begin PBXNativeTarget section */
		685315781ECBC18F003EEAD5 /* What Can I Cook? */ = {
			isa = PBXNativeTarget;
			buildConfigurationList = 6853158B1ECBC18F003EEAD5 /* Build configuration list for PBXNativeTarget "What Can I Cook?" */;
			buildPhases = (
				685315751ECBC18F003EEAD5 /* Sources */,
				685315761ECBC18F003EEAD5 /* Frameworks */,
				685315771ECBC18F003EEAD5 /* Resources */,
			);
			buildRules = (
			);
			dependencies = (
			);
			name = "What Can I Cook?";
			productName = CandySearch;
			productReference = 685315791ECBC18F003EEAD5 /* What Can I Cook?.app */;
			productType = "com.apple.product-type.application";
		};
/* End PBXNativeTarget section */

/* Begin PBXProject section */
		685315711ECBC18E003EEAD5 /* Project object */ = {
			isa = PBXProject;
			attributes = {
				LastSwiftUpdateCheck = 0830;
				LastUpgradeCheck = 1010;
				ORGANIZATIONNAME = "Steven Crossin";
				TargetAttributes = {
					685315781ECBC18F003EEAD5 = {
						CreatedOnToolsVersion = 8.3.2;
						DevelopmentTeam = 24SM6522LU;
						LastSwiftMigration = 1010;
						ProvisioningStyle = Automatic;
					};
				};
			};
			buildConfigurationList = 685315741ECBC18E003EEAD5 /* Build configuration list for PBXProject "What Can I Cook?" */;
			compatibilityVersion = "Xcode 3.2";
			developmentRegion = English;
			hasScannedForEncodings = 0;
			knownRegions = (
				en,
				Base,
			);
			mainGroup = 685315701ECBC18E003EEAD5;
			productRefGroup = 6853157A1ECBC18F003EEAD5 /* Products */;
			projectDirPath = "";
			projectRoot = "";
			targets = (
				685315781ECBC18F003EEAD5 /* What Can I Cook? */,
			);
		};
/* End PBXProject section */

/* Begin PBXResourcesBuildPhase section */
		685315771ECBC18F003EEAD5 /* Resources */ = {
			isa = PBXResourcesBuildPhase;
			buildActionMask = 2147483647;
			files = (
				68146E111ED2F15D00E4007A /* LaunchScreen.storyboard in Resources */,
				68146E0B1ED2F15D00E4007A /* Main.storyboard in Resources */,
				68146E0D1ED2F15D00E4007A /* Assets.xcassets in Resources */,
			);
			runOnlyForDeploymentPostprocessing = 0;
		};
/* End PBXResourcesBuildPhase section */

/* Begin PBXSourcesBuildPhase section */
		685315751ECBC18F003EEAD5 /* Sources */ = {
			isa = PBXSourcesBuildPhase;
			buildActionMask = 2147483647;
			files = (
				68146E101ED2F15D00E4007A /* Ingredients.swift in Sources */,
				68146E0A1ED2F15D00E4007A /* MasterViewController.swift in Sources */,
				68146E091ED2F15D00E4007A /* DetailViewController.swift in Sources */,
				68146E0C1ED2F15D00E4007A /* AppDelegate.swift in Sources */,
			);
			runOnlyForDeploymentPostprocessing = 0;
		};
/* End PBXSourcesBuildPhase section */

/* Begin XCBuildConfiguration section */
		685315891ECBC18F003EEAD5 /* Debug */ = {
			isa = XCBuildConfiguration;
			buildSettings = {
				ALWAYS_SEARCH_USER_PATHS = NO;
				CLANG_ANALYZER_NONNULL = YES;
				CLANG_ANALYZER_NUMBER_OBJECT_CONVERSION = YES_AGGRESSIVE;
				CLANG_CXX_LANGUAGE_STANDARD = "gnu++0x";
				CLANG_CXX_LIBRARY = "libc++";
				CLANG_ENABLE_MODULES = YES;
				CLANG_ENABLE_OBJC_ARC = YES;
				CLANG_WARN_BLOCK_CAPTURE_AUTORELEASING = YES;
				CLANG_WARN_BOOL_CONVERSION = YES;
				CLANG_WARN_COMMA = YES;
				CLANG_WARN_CONSTANT_CONVERSION = YES;
				CLANG_WARN_DEPRECATED_OBJC_IMPLEMENTATIONS = YES;
				CLANG_WARN_DIRECT_OBJC_ISA_USAGE = YES_ERROR;
				CLANG_WARN_DOCUMENTATION_COMMENTS = YES;
				CLANG_WARN_EMPTY_BODY = YES;
				CLANG_WARN_ENUM_CONVERSION = YES;
				CLANG_WARN_INFINITE_RECURSION = YES;
				CLANG_WARN_INT_CONVERSION = YES;
				CLANG_WARN_NON_LITERAL_NULL_CONVERSION = YES;
				CLANG_WARN_OBJC_IMPLICIT_RETAIN_SELF = YES;
				CLANG_WARN_OBJC_LITERAL_CONVERSION = YES;
				CLANG_WARN_OBJC_ROOT_CLASS = YES_ERROR;
				CLANG_WARN_RANGE_LOOP_ANALYSIS = YES;
				CLANG_WARN_STRICT_PROTOTYPES = YES;
				CLANG_WARN_SUSPICIOUS_MOVE = YES;
				CLANG_WARN_UNREACHABLE_CODE = YES;
				CLANG_WARN__DUPLICATE_METHOD_MATCH = YES;
				"CODE_SIGN_IDENTITY[sdk=iphoneos*]" = "iPhone Developer";
				COPY_PHASE_STRIP = NO;
				DEBUG_INFORMATION_FORMAT = dwarf;
				ENABLE_STRICT_OBJC_MSGSEND = YES;
				ENABLE_TESTABILITY = YES;
				GCC_C_LANGUAGE_STANDARD = gnu99;
				GCC_DYNAMIC_NO_PIC = NO;
				GCC_NO_COMMON_BLOCKS = YES;
				GCC_OPTIMIZATION_LEVEL = 0;
				GCC_PREPROCESSOR_DEFINITIONS = (
					"DEBUG=1",
					"$(inherited)",
				);
				GCC_WARN_64_TO_32_BIT_CONVERSION = YES;
				GCC_WARN_ABOUT_RETURN_TYPE = YES_ERROR;
				GCC_WARN_UNDECLARED_SELECTOR = YES;
				GCC_WARN_UNINITIALIZED_AUTOS = YES_AGGRESSIVE;
				GCC_WARN_UNUSED_FUNCTION = YES;
				GCC_WARN_UNUSED_VARIABLE = YES;
				IPHONEOS_DEPLOYMENT_TARGET = 10.3;
				MTL_ENABLE_DEBUG_INFO = YES;
				ONLY_ACTIVE_ARCH = YES;
				SDKROOT = iphoneos;
				SWIFT_ACTIVE_COMPILATION_CONDITIONS = DEBUG;
				SWIFT_OPTIMIZATION_LEVEL = "-Onone";
				TARGETED_DEVICE_FAMILY = "1,2";
			};
			name = Debug;
		};
		6853158A1ECBC18F003EEAD5 /* Release */ = {
			isa = XCBuildConfiguration;
			buildSettings = {
				ALWAYS_SEARCH_USER_PATHS = NO;
				CLANG_ANALYZER_NONNULL = YES;
				CLANG_ANALYZER_NUMBER_OBJECT_CONVERSION = YES_AGGRESSIVE;
				CLANG_CXX_LANGUAGE_STANDARD = "gnu++0x";
				CLANG_CXX_LIBRARY = "libc++";
				CLANG_ENABLE_MODULES = YES;
				CLANG_ENABLE_OBJC_ARC = YES;
				CLANG_WARN_BLOCK_CAPTURE_AUTORELEASING = YES;
				CLANG_WARN_BOOL_CONVERSION = YES;
				CLANG_WARN_COMMA = YES;
				CLANG_WARN_CONSTANT_CONVERSION = YES;
				CLANG_WARN_DEPRECATED_OBJC_IMPLEMENTATIONS = YES;
				CLANG_WARN_DIRECT_OBJC_ISA_USAGE = YES_ERROR;
				CLANG_WARN_DOCUMENTATION_COMMENTS = YES;
				CLANG_WARN_EMPTY_BODY = YES;
				CLANG_WARN_ENUM_CONVERSION = YES;
				CLANG_WARN_INFINITE_RECURSION = YES;
				CLANG_WARN_INT_CONVERSION = YES;
				CLANG_WARN_NON_LITERAL_NULL_CONVERSION = YES;
				CLANG_WARN_OBJC_IMPLICIT_RETAIN_SELF = YES;
				CLANG_WARN_OBJC_LITERAL_CONVERSION = YES;
				CLANG_WARN_OBJC_ROOT_CLASS = YES_ERROR;
				CLANG_WARN_RANGE_LOOP_ANALYSIS = YES;
				CLANG_WARN_STRICT_PROTOTYPES = YES;
				CLANG_WARN_SUSPICIOUS_MOVE = YES;
				CLANG_WARN_UNREACHABLE_CODE = YES;
				CLANG_WARN__DUPLICATE_METHOD_MATCH = YES;
				"CODE_SIGN_IDENTITY[sdk=iphoneos*]" = "iPhone Developer";
				COPY_PHASE_STRIP = NO;
				DEBUG_INFORMATION_FORMAT = "dwarf-with-dsym";
				ENABLE_NS_ASSERTIONS = NO;
				ENABLE_STRICT_OBJC_MSGSEND = YES;
				GCC_C_LANGUAGE_STANDARD = gnu99;
				GCC_NO_COMMON_BLOCKS = YES;
				GCC_WARN_64_TO_32_BIT_CONVERSION = YES;
				GCC_WARN_ABOUT_RETURN_TYPE = YES_ERROR;
				GCC_WARN_UNDECLARED_SELECTOR = YES;
				GCC_WARN_UNINITIALIZED_AUTOS = YES_AGGRESSIVE;
				GCC_WARN_UNUSED_FUNCTION = YES;
				GCC_WARN_UNUSED_VARIABLE = YES;
				IPHONEOS_DEPLOYMENT_TARGET = 10.3;
				MTL_ENABLE_DEBUG_INFO = NO;
				SDKROOT = iphoneos;
				SWIFT_OPTIMIZATION_LEVEL = "-Owholemodule";
				TARGETED_DEVICE_FAMILY = "1,2";
				VALIDATE_PRODUCT = YES;
			};
			name = Release;
		};
		6853158C1ECBC18F003EEAD5 /* Debug */ = {
			isa = XCBuildConfiguration;
			buildSettings = {
				ASSETCATALOG_COMPILER_APPICON_NAME = AppIcon;
				CLANG_ENABLE_MODULES = YES;
				DEVELOPMENT_TEAM = 24SM6522LU;
				INFOPLIST_FILE = "What Can I Cook?/Info.plist";
				LD_RUNPATH_SEARCH_PATHS = "$(inherited) @executable_path/Frameworks";
				PRODUCT_BUNDLE_IDENTIFIER = com.stevecrossin.whatcanicook;
				PRODUCT_NAME = "$(TARGET_NAME)";
				SWIFT_OPTIMIZATION_LEVEL = "-Onone";
				SWIFT_VERSION = 4.2;
			};
			name = Debug;
		};
		6853158D1ECBC18F003EEAD5 /* Release */ = {
			isa = XCBuildConfiguration;
			buildSettings = {
				ASSETCATALOG_COMPILER_APPICON_NAME = AppIcon;
				CLANG_ENABLE_MODULES = YES;
				DEVELOPMENT_TEAM = 24SM6522LU;
				INFOPLIST_FILE = "What Can I Cook?/Info.plist";
				LD_RUNPATH_SEARCH_PATHS = "$(inherited) @executable_path/Frameworks";
				PRODUCT_BUNDLE_IDENTIFIER = com.stevecrossin.whatcanicook;
				PRODUCT_NAME = "$(TARGET_NAME)";
				SWIFT_VERSION = 4.2;
			};
			name = Release;
		};
/* End XCBuildConfiguration section */

/* Begin XCConfigurationList section */
		685315741ECBC18E003EEAD5 /* Build configuration list for PBXProject "What Can I Cook?" */ = {
			isa = XCConfigurationList;
			buildConfigurations = (
				685315891ECBC18F003EEAD5 /* Debug */,
				6853158A1ECBC18F003EEAD5 /* Release */,
			);
			defaultConfigurationIsVisible = 0;
			defaultConfigurationName = Release;
		};
		6853158B1ECBC18F003EEAD5 /* Build configuration list for PBXNativeTarget "What Can I Cook?" */ = {
			isa = XCConfigurationList;
			buildConfigurations = (
				6853158C1ECBC18F003EEAD5 /* Debug */,
				6853158D1ECBC18F003EEAD5 /* Release */,
			);
			defaultConfigurationIsVisible = 0;
			defaultConfigurationName = Release;
		};
/* End XCConfigurationList section */
	};
	rootObject = 685315711ECBC18E003EEAD5 /* Project object */;
}
